
Microsoft Visual Studio Solution File, Format Version 12.00
# Visual Studio Version 17
VisualStudioVersion = 17.12.35521.163
MinimumVisualStudioVersion = 10.0.40219.1
Project("{2150E333-8FDC-42A3-9474-1A3956D46DE8}") = "Solution Items", "Solution Items", "{32CF1039-6462-4985-93CF-69AC06266FE4}"
	ProjectSection(SolutionItems) = preProject
		.editorconfig = .editorconfig
	EndProjectSection
EndProject
Project("{FAE04EC0-301F-11D3-BF4B-00C04F79EFBC}") = "TreeViewer", "TreeViewer\TreeViewer.csproj", "{0509F98D-D5F4-4EE3-B0C5-991305AA5128}"
EndProject
Project("{FAE04EC0-301F-11D3-BF4B-00C04F79EFBC}") = "TreeViewer.Core", "TreeViewer.Core\TreeViewer.Core.csproj", "{D5E7AB3D-E7DC-46FC-8B6C-C7F11E483587}"
EndProject
Project("{FAE04EC0-301F-11D3-BF4B-00C04F79EFBC}") = "TreeViewer.Core.Test", "TreeViewer.Core.Test\TreeViewer.Core.Test.csproj", "{FF79A792-2092-4064-8E1B-50729739CF57}"
EndProject
Project("{FAE04EC0-301F-11D3-BF4B-00C04F79EFBC}") = "TreeViewer.Test", "TreeViewer.Test\TreeViewer.Test.csproj", "{2C34D2EF-EDEB-481B-ACAC-4228AC114E9E}"
EndProject
Global
	GlobalSection(SolutionConfigurationPlatforms) = preSolution
		Debug|Any CPU = Debug|Any CPU
		Release|Any CPU = Release|Any CPU
	EndGlobalSection
	GlobalSection(ProjectConfigurationPlatforms) = postSolution
		{0509F98D-D5F4-4EE3-B0C5-991305AA5128}.Debug|Any CPU.ActiveCfg = Debug|Any CPU
		{0509F98D-D5F4-4EE3-B0C5-991305AA5128}.Debug|Any CPU.Build.0 = Debug|Any CPU
		{0509F98D-D5F4-4EE3-B0C5-991305AA5128}.Release|Any CPU.ActiveCfg = Release|Any CPU
		{0509F98D-D5F4-4EE3-B0C5-991305AA5128}.Release|Any CPU.Build.0 = Release|Any CPU
		{D5E7AB3D-E7DC-46FC-8B6C-C7F11E483587}.Debug|Any CPU.ActiveCfg = Debug|Any CPU
		{D5E7AB3D-E7DC-46FC-8B6C-C7F11E483587}.Debug|Any CPU.Build.0 = Debug|Any CPU
		{D5E7AB3D-E7DC-46FC-8B6C-C7F11E483587}.Release|Any CPU.ActiveCfg = Release|Any CPU
		{D5E7AB3D-E7DC-46FC-8B6C-C7F11E483587}.Release|Any CPU.Build.0 = Release|Any CPU
		{FF79A792-2092-4064-8E1B-50729739CF57}.Debug|Any CPU.ActiveCfg = Debug|Any CPU
		{FF79A792-2092-4064-8E1B-50729739CF57}.Debug|Any CPU.Build.0 = Debug|Any CPU
		{FF79A792-2092-4064-8E1B-50729739CF57}.Release|Any CPU.ActiveCfg = Release|Any CPU
		{FF79A792-2092-4064-8E1B-50729739CF57}.Release|Any CPU.Build.0 = Release|Any CPU
		{2C34D2EF-EDEB-481B-ACAC-4228AC114E9E}.Debug|Any CPU.ActiveCfg = Debug|Any CPU
		{2C34D2EF-EDEB-481B-ACAC-4228AC114E9E}.Debug|Any CPU.Build.0 = Debug|Any CPU
		{2C34D2EF-EDEB-481B-ACAC-4228AC114E9E}.Release|Any CPU.ActiveCfg = Release|Any CPU
		{2C34D2EF-EDEB-481B-ACAC-4228AC114E9E}.Release|Any CPU.Build.0 = Release|Any CPU
	EndGlobalSection
	GlobalSection(SolutionProperties) = preSolution
		HideSolutionNode = FALSE
	EndGlobalSection
EndGlobal
